{
  "version": "3",
  "packages": {
    "specifiers": {
      "jsr:@std/assert@1.0.0": "jsr:@std/assert@1.0.0",
      "jsr:@std/encoding@1.0.1": "jsr:@std/encoding@1.0.1",
      "jsr:@std/internal@^1.0.1": "jsr:@std/internal@1.0.1",
      "npm:@sinclair/typebox@0.32.34": "npm:@sinclair/typebox@0.32.34"
    },
    "jsr": {
      "@std/assert@1.0.0": {
        "integrity": "0e4f6d873f7f35e2a1e6194ceee39686c996b9e5d134948e644d35d4c4df2008",
        "dependencies": [
          "jsr:@std/internal@^1.0.1"
        ]
      },
      "@std/encoding@1.0.1": {
        "integrity": "5955c6c542ebb4ce6587c3b548dc71e07a6c27614f1976d1d3887b1196cf4e65"
      },
      "@std/internal@1.0.1": {
        "integrity": "6f8c7544d06a11dd256c8d6ba54b11ed870aac6c5aeafff499892662c57673e6"
      }
    },
    "npm": {
      "@sinclair/typebox@0.32.34": {
        "integrity": "sha512-a3Z3ytYl6R/+7ldxx04PO1semkwWlX/8pTqxsPw4quIcIXDFPZhOc1Wx8azWmkU26ccK3mHwcWenn0avNgAKQg==",
        "dependencies": {}
      }
    }
  },
  "remote": {},
  "workspace": {
    "dependencies": [
      "jsr:@baseless/client@^0.3.0",
      "jsr:@baseless/core@^0.3.0",
      "jsr:@baseless/server@^0.3.0",
      "jsr:@std/assert@1.0.0",
      "jsr:@std/encoding@1.0.1",
      "npm:@sinclair/typebox@0.32.34"
    ]
  }
}
